
Microsoft Visual Studio Solution File, Format Version 11.00
# Visual Studio 2010
Project("{FAE04EC0-301F-11D3-BF4B-00C04F79EFBC}") = "image", "image\image.csproj", "{2AA87661-45DF-4DCE-8E34-AFF6CBA9F222}"
EndProject
Global
	GlobalSection(SolutionConfigurationPlatforms) = preSolution
		Debug|x86 = Debug|x86
		Release|x86 = Release|x86
	EndGlobalSection
	GlobalSection(ProjectConfigurationPlatforms) = postSolution
		{2AA87661-45DF-4DCE-8E34-AFF6CBA9F222}.Debug|x86.ActiveCfg = Debug|x86
		{2AA87661-45DF-4DCE-8E34-AFF6CBA9F222}.Debug|x86.Build.0 = Debug|x86
		{2AA87661-45DF-4DCE-8E34-AFF6CBA9F222}.Release|x86.ActiveCfg = Release|x86
		{2AA87661-45DF-4DCE-8E34-AFF6CBA9F222}.Release|x86.Build.0 = Release|x86
	EndGlobalSection
	GlobalSection(SolutionProperties) = preSolution
		HideSolutionNode = FALSE
	EndGlobalSection
EndGlobal
